
Microsoft Visual Studio Solution File, Format Version 12.00
# Visual Studio Version 16
VisualStudioVersion = 16.0.31129.286
MinimumVisualStudioVersion = 10.0.40219.1
Project("{FAE04EC0-301F-11D3-BF4B-00C04F79EFBC}") = "OPENgovSPORTELLO", "OPENgovSPORTELLO\OPENgovSPORTELLO.csproj", "{BDD9D662-3598-41D4-B0FE-3F0A6DEE6F84}"
EndProject
Project("{2150E333-8FDC-42A3-9474-1A3956D46DE8}") = "Solution Items", "Solution Items", "{8A232881-EA28-48FB-A09B-9684BC87AB73}"
	ProjectSection(SolutionItems) = preProject
		README.md = README.md
	EndProjectSection
EndProject
Global
	GlobalSection(SolutionConfigurationPlatforms) = preSolution
		Debug|Any CPU = Debug|Any CPU
		Produzione|Any CPU = Produzione|Any CPU
		Release|Any CPU = Release|Any CPU
	EndGlobalSection
	GlobalSection(ProjectConfigurationPlatforms) = postSolution
		{BDD9D662-3598-41D4-B0FE-3F0A6DEE6F84}.Debug|Any CPU.ActiveCfg = Release|Any CPU
		{BDD9D662-3598-41D4-B0FE-3F0A6DEE6F84}.Debug|Any CPU.Build.0 = Release|Any CPU
		{BDD9D662-3598-41D4-B0FE-3F0A6DEE6F84}.Produzione|Any CPU.ActiveCfg = Debug|Any CPU
		{BDD9D662-3598-41D4-B0FE-3F0A6DEE6F84}.Produzione|Any CPU.Build.0 = Debug|Any CPU
		{BDD9D662-3598-41D4-B0FE-3F0A6DEE6F84}.Release|Any CPU.ActiveCfg = Release|Any CPU
		{BDD9D662-3598-41D4-B0FE-3F0A6DEE6F84}.Release|Any CPU.Build.0 = Release|Any CPU
	EndGlobalSection
	GlobalSection(SolutionProperties) = preSolution
		HideSolutionNode = FALSE
	EndGlobalSection
	GlobalSection(ExtensibilityGlobals) = postSolution
		SolutionGuid = {C2712364-D806-4AD0-B2B3-C498F5C49848}
	EndGlobalSection
EndGlobal
